// !$*UTF8*$!
{
	archiveVersion = 1;
	classes = {
	};
	objectVersion = 56;
	objects = {

/* Begin PBXBuildFile section */
		3B73D5632A6E38600006FFC4 /* main.swift in Sources */ = {isa = PBXBuildFile; fileRef = 3B73D5622A6E38600006FFC4 /* main.swift */; };
		F111F68F2A71623D00E6DE19 /* InitViewController.swift in Sources */ = {isa = PBXBuildFile; fileRef = F111F68E2A71623D00E6DE19 /* InitViewController.swift */; };
		F111F6962A71691700E6DE19 /* MenuProvider.swift in Sources */ = {isa = PBXBuildFile; fileRef = F111F6952A71691700E6DE19 /* MenuProvider.swift */; };
		F111F6982A71692D00E6DE19 /* ShopType.swift in Sources */ = {isa = PBXBuildFile; fileRef = F111F6972A71692D00E6DE19 /* ShopType.swift */; };
		F111F69A2A71694700E6DE19 /* OrderProvider.swift in Sources */ = {isa = PBXBuildFile; fileRef = F111F6992A71694700E6DE19 /* OrderProvider.swift */; };
		F111F69C2A71695500E6DE19 /* Order.swift in Sources */ = {isa = PBXBuildFile; fileRef = F111F69B2A71695500E6DE19 /* Order.swift */; };
		F111F69F2A71697200E6DE19 /* CLViewController.swift in Sources */ = {isa = PBXBuildFile; fileRef = F111F69E2A71697200E6DE19 /* CLViewController.swift */; };
		F111F6A12A71698600E6DE19 /* CLView.swift in Sources */ = {isa = PBXBuildFile; fileRef = F111F6A02A71698600E6DE19 /* CLView.swift */; };
		F111F6A32A71699900E6DE19 /* CLNavigationController.swift in Sources */ = {isa = PBXBuildFile; fileRef = F111F6A22A71699900E6DE19 /* CLNavigationController.swift */; };
		F111F6A62A7172BC00E6DE19 /* ShakeShackMenu.swift in Sources */ = {isa = PBXBuildFile; fileRef = F111F6A52A7172BC00E6DE19 /* ShakeShackMenu.swift */; };
		F111F6AB2A72C49D00E6DE19 /* LotteriaMenuType.swift in Sources */ = {isa = PBXBuildFile; fileRef = F111F6AA2A72C49D00E6DE19 /* LotteriaMenuType.swift */; };
		F111F6AD2A72CACE00E6DE19 /* SelectedMenuViewController.swift in Sources */ = {isa = PBXBuildFile; fileRef = F111F6AC2A72CACE00E6DE19 /* SelectedMenuViewController.swift */; };
		F111F6AF2A72CC5600E6DE19 /* Double+Format.swift in Sources */ = {isa = PBXBuildFile; fileRef = F111F6AE2A72CC5600E6DE19 /* Double+Format.swift */; };
		F111F6B12A72D4FE00E6DE19 /* ShoppingCardViewController.swift in Sources */ = {isa = PBXBuildFile; fileRef = F111F6B02A72D4FE00E6DE19 /* ShoppingCardViewController.swift */; };
		F11FE2432A6FBAE40051AAE9 /* MenuRepository.swift in Sources */ = {isa = PBXBuildFile; fileRef = F11FE2422A6FBAE40051AAE9 /* MenuRepository.swift */; };
		F11FE2452A6FBB190051AAE9 /* Menu.swift in Sources */ = {isa = PBXBuildFile; fileRef = F11FE2442A6FBB190051AAE9 /* Menu.swift */; };
		F11FE2472A7016610051AAE9 /* OrderRepository.swift in Sources */ = {isa = PBXBuildFile; fileRef = F11FE2462A7016610051AAE9 /* OrderRepository.swift */; };
		F11FE2492A70202A0051AAE9 /* Date+Format.swift in Sources */ = {isa = PBXBuildFile; fileRef = F11FE2482A70202A0051AAE9 /* Date+Format.swift */; };
		F18B74412A6EC11F0038D33B /* MainMenuViewController.swift in Sources */ = {isa = PBXBuildFile; fileRef = F18B74402A6EC11F0038D33B /* MainMenuViewController.swift */; };
		F18B74432A6EC5150038D33B /* DetailMenuViewController.swift in Sources */ = {isa = PBXBuildFile; fileRef = F18B74422A6EC5150038D33B /* DetailMenuViewController.swift */; };
		F18B74472A6EDE100038D33B /* ViewType.swift in Sources */ = {isa = PBXBuildFile; fileRef = F18B74462A6EDE100038D33B /* ViewType.swift */; };
		F18B74492A6EDE260038D33B /* CLFrame.swift in Sources */ = {isa = PBXBuildFile; fileRef = F18B74482A6EDE260038D33B /* CLFrame.swift */; };
		F18B744B2A6EE2140038D33B /* MainMenuType.swift in Sources */ = {isa = PBXBuildFile; fileRef = F18B744A2A6EE2140038D33B /* MainMenuType.swift */; };
		F18B744D2A6EE30F0038D33B /* SingleLineViewController.swift in Sources */ = {isa = PBXBuildFile; fileRef = F18B744C2A6EE30F0038D33B /* SingleLineViewController.swift */; };
/* End PBXBuildFile section */

/* Begin PBXCopyFilesBuildPhase section */
		3B73D55D2A6E38600006FFC4 /* CopyFiles */ = {
			isa = PBXCopyFilesBuildPhase;
			buildActionMask = 2147483647;
			dstPath = /usr/share/man/man1/;
			dstSubfolderSpec = 0;
			files = (
			);
			runOnlyForDeploymentPostprocessing = 1;
		};
/* End PBXCopyFilesBuildPhase section */

/* Begin PBXFileReference section */
		3B73D55F2A6E38600006FFC4 /* kiosk */ = {isa = PBXFileReference; explicitFileType = "compiled.mach-o.executable"; includeInIndex = 0; path = kiosk; sourceTree = BUILT_PRODUCTS_DIR; };
		3B73D5622A6E38600006FFC4 /* main.swift */ = {isa = PBXFileReference; lastKnownFileType = sourcecode.swift; path = main.swift; sourceTree = "<group>"; };
		F111F68E2A71623D00E6DE19 /* InitViewController.swift */ = {isa = PBXFileReference; lastKnownFileType = sourcecode.swift; path = InitViewController.swift; sourceTree = "<group>"; };
		F111F6952A71691700E6DE19 /* MenuProvider.swift */ = {isa = PBXFileReference; lastKnownFileType = sourcecode.swift; path = MenuProvider.swift; sourceTree = "<group>"; };
		F111F6972A71692D00E6DE19 /* ShopType.swift */ = {isa = PBXFileReference; lastKnownFileType = sourcecode.swift; path = ShopType.swift; sourceTree = "<group>"; };
		F111F6992A71694700E6DE19 /* OrderProvider.swift */ = {isa = PBXFileReference; lastKnownFileType = sourcecode.swift; path = OrderProvider.swift; sourceTree = "<group>"; };
		F111F69B2A71695500E6DE19 /* Order.swift */ = {isa = PBXFileReference; lastKnownFileType = sourcecode.swift; path = Order.swift; sourceTree = "<group>"; };
		F111F69E2A71697200E6DE19 /* CLViewController.swift */ = {isa = PBXFileReference; lastKnownFileType = sourcecode.swift; path = CLViewController.swift; sourceTree = "<group>"; };
		F111F6A02A71698600E6DE19 /* CLView.swift */ = {isa = PBXFileReference; lastKnownFileType = sourcecode.swift; path = CLView.swift; sourceTree = "<group>"; };
		F111F6A22A71699900E6DE19 /* CLNavigationController.swift */ = {isa = PBXFileReference; lastKnownFileType = sourcecode.swift; path = CLNavigationController.swift; sourceTree = "<group>"; };
		F111F6A52A7172BC00E6DE19 /* ShakeShackMenu.swift */ = {isa = PBXFileReference; lastKnownFileType = sourcecode.swift; path = ShakeShackMenu.swift; sourceTree = "<group>"; };
		F111F6AA2A72C49D00E6DE19 /* LotteriaMenuType.swift */ = {isa = PBXFileReference; lastKnownFileType = sourcecode.swift; path = LotteriaMenuType.swift; sourceTree = "<group>"; };
		F111F6AC2A72CACE00E6DE19 /* SelectedMenuViewController.swift */ = {isa = PBXFileReference; lastKnownFileType = sourcecode.swift; path = SelectedMenuViewController.swift; sourceTree = "<group>"; };
		F111F6AE2A72CC5600E6DE19 /* Double+Format.swift */ = {isa = PBXFileReference; lastKnownFileType = sourcecode.swift; path = "Double+Format.swift"; sourceTree = "<group>"; };
		F111F6B02A72D4FE00E6DE19 /* ShoppingCardViewController.swift */ = {isa = PBXFileReference; lastKnownFileType = sourcecode.swift; path = ShoppingCardViewController.swift; sourceTree = "<group>"; };
		F11FE2422A6FBAE40051AAE9 /* MenuRepository.swift */ = {isa = PBXFileReference; lastKnownFileType = sourcecode.swift; path = MenuRepository.swift; sourceTree = "<group>"; };
		F11FE2442A6FBB190051AAE9 /* Menu.swift */ = {isa = PBXFileReference; lastKnownFileType = sourcecode.swift; path = Menu.swift; sourceTree = "<group>"; };
		F11FE2462A7016610051AAE9 /* OrderRepository.swift */ = {isa = PBXFileReference; lastKnownFileType = sourcecode.swift; path = OrderRepository.swift; sourceTree = "<group>"; };
		F11FE2482A70202A0051AAE9 /* Date+Format.swift */ = {isa = PBXFileReference; lastKnownFileType = sourcecode.swift; path = "Date+Format.swift"; sourceTree = "<group>"; };
		F18B74402A6EC11F0038D33B /* MainMenuViewController.swift */ = {isa = PBXFileReference; lastKnownFileType = sourcecode.swift; path = MainMenuViewController.swift; sourceTree = "<group>"; };
		F18B74422A6EC5150038D33B /* DetailMenuViewController.swift */ = {isa = PBXFileReference; lastKnownFileType = sourcecode.swift; path = DetailMenuViewController.swift; sourceTree = "<group>"; };
		F18B74462A6EDE100038D33B /* ViewType.swift */ = {isa = PBXFileReference; lastKnownFileType = sourcecode.swift; name = ViewType.swift; path = ../ViewType.swift; sourceTree = "<group>"; };
		F18B74482A6EDE260038D33B /* CLFrame.swift */ = {isa = PBXFileReference; lastKnownFileType = sourcecode.swift; path = CLFrame.swift; sourceTree = "<group>"; };
		F18B744A2A6EE2140038D33B /* MainMenuType.swift */ = {isa = PBXFileReference; lastKnownFileType = sourcecode.swift; path = MainMenuType.swift; sourceTree = "<group>"; };
		F18B744C2A6EE30F0038D33B /* SingleLineViewController.swift */ = {isa = PBXFileReference; lastKnownFileType = sourcecode.swift; path = SingleLineViewController.swift; sourceTree = "<group>"; };
/* End PBXFileReference section */

/* Begin PBXFrameworksBuildPhase section */
		3B73D55C2A6E38600006FFC4 /* Frameworks */ = {
			isa = PBXFrameworksBuildPhase;
			buildActionMask = 2147483647;
			files = (
			);
			runOnlyForDeploymentPostprocessing = 0;
		};
/* End PBXFrameworksBuildPhase section */

/* Begin PBXGroup section */
		3B73D5562A6E38600006FFC4 = {
			isa = PBXGroup;
			children = (
				3B73D5612A6E38600006FFC4 /* kiosk */,
				3B73D5602A6E38600006FFC4 /* Products */,
			);
			sourceTree = "<group>";
		};
		3B73D5602A6E38600006FFC4 /* Products */ = {
			isa = PBXGroup;
			children = (
				3B73D55F2A6E38600006FFC4 /* kiosk */,
			);
			name = Products;
			sourceTree = "<group>";
		};
		3B73D5612A6E38600006FFC4 /* kiosk */ = {
			isa = PBXGroup;
			children = (
				F111F6A82A7172F700E6DE19 /* App */,
				F111F6A72A7172ED00E6DE19 /* Extension */,
				F111F69D2A71696A00E6DE19 /* CLKit */,
				F111F6942A71690D00E6DE19 /* Repository */,
				F111F6932A71690700E6DE19 /* Provider */,
				F111F6902A7168E000E6DE19 /* Model */,
				F111F68D2A71622C00E6DE19 /* ViewController */,
			);
			path = kiosk;
			sourceTree = "<group>";
		};
		F111F68D2A71622C00E6DE19 /* ViewController */ = {
			isa = PBXGroup;
			children = (
				F111F68E2A71623D00E6DE19 /* InitViewController.swift */,
				F18B74402A6EC11F0038D33B /* MainMenuViewController.swift */,
				F18B74422A6EC5150038D33B /* DetailMenuViewController.swift */,
				F111F6AC2A72CACE00E6DE19 /* SelectedMenuViewController.swift */,
				F18B744C2A6EE30F0038D33B /* SingleLineViewController.swift */,
				F111F6B02A72D4FE00E6DE19 /* ShoppingCardViewController.swift */,
			);
			path = ViewController;
			sourceTree = "<group>";
		};
		F111F6902A7168E000E6DE19 /* Model */ = {
			isa = PBXGroup;
			children = (
				F111F6A92A72C47F00E6DE19 /* LotteriaMenu */,
				F111F6A42A71727E00E6DE19 /* ShakeShackMenu */,
				F18B744A2A6EE2140038D33B /* MainMenuType.swift */,
				F18B74462A6EDE100038D33B /* ViewType.swift */,
				F111F6972A71692D00E6DE19 /* ShopType.swift */,
				F11FE2442A6FBB190051AAE9 /* Menu.swift */,
				F111F69B2A71695500E6DE19 /* Order.swift */,
			);
			path = Model;
			sourceTree = "<group>";
		};
		F111F6932A71690700E6DE19 /* Provider */ = {
			isa = PBXGroup;
			children = (
				F111F6952A71691700E6DE19 /* MenuProvider.swift */,
				F111F6992A71694700E6DE19 /* OrderProvider.swift */,
			);
			path = Provider;
			sourceTree = "<group>";
		};
		F111F6942A71690D00E6DE19 /* Repository */ = {
			isa = PBXGroup;
			children = (
				F11FE2422A6FBAE40051AAE9 /* MenuRepository.swift */,
				F11FE2462A7016610051AAE9 /* OrderRepository.swift */,
			);
			path = Repository;
			sourceTree = "<group>";
		};
		F111F69D2A71696A00E6DE19 /* CLKit */ = {
			isa = PBXGroup;
			children = (
				F111F69E2A71697200E6DE19 /* CLViewController.swift */,
				F111F6A02A71698600E6DE19 /* CLView.swift */,
				F111F6A22A71699900E6DE19 /* CLNavigationController.swift */,
				F18B74482A6EDE260038D33B /* CLFrame.swift */,
			);
			path = CLKit;
			sourceTree = "<group>";
		};
		F111F6A42A71727E00E6DE19 /* ShakeShackMenu */ = {
			isa = PBXGroup;
			children = (
				F111F6A52A7172BC00E6DE19 /* ShakeShackMenu.swift */,
			);
			path = ShakeShackMenu;
			sourceTree = "<group>";
		};
		F111F6A72A7172ED00E6DE19 /* Extension */ = {
			isa = PBXGroup;
			children = (
				F11FE2482A70202A0051AAE9 /* Date+Format.swift */,
				F111F6AE2A72CC5600E6DE19 /* Double+Format.swift */,
			);
			path = Extension;
			sourceTree = "<group>";
		};
		F111F6A82A7172F700E6DE19 /* App */ = {
			isa = PBXGroup;
			children = (
				3B73D5622A6E38600006FFC4 /* main.swift */,
			);
			path = App;
			sourceTree = "<group>";
		};
		F111F6A92A72C47F00E6DE19 /* LotteriaMenu */ = {
			isa = PBXGroup;
			children = (
				F111F6AA2A72C49D00E6DE19 /* LotteriaMenuType.swift */,
			);
			path = LotteriaMenu;
			sourceTree = "<group>";
		};
/* End PBXGroup section */

/* Begin PBXNativeTarget section */
		3B73D55E2A6E38600006FFC4 /* kiosk */ = {
			isa = PBXNativeTarget;
			buildConfigurationList = 3B73D5662A6E38600006FFC4 /* Build configuration list for PBXNativeTarget "kiosk" */;
			buildPhases = (
				3B73D55B2A6E38600006FFC4 /* Sources */,
				3B73D55C2A6E38600006FFC4 /* Frameworks */,
				3B73D55D2A6E38600006FFC4 /* CopyFiles */,
			);
			buildRules = (
			);
			dependencies = (
			);
			name = kiosk;
			productName = kiosk;
			productReference = 3B73D55F2A6E38600006FFC4 /* kiosk */;
			productType = "com.apple.product-type.tool";
		};
/* End PBXNativeTarget section */

/* Begin PBXProject section */
		3B73D5572A6E38600006FFC4 /* Project object */ = {
			isa = PBXProject;
			attributes = {
				BuildIndependentTargetsInParallel = 1;
				LastSwiftUpdateCheck = 1430;
				LastUpgradeCheck = 1430;
				TargetAttributes = {
					3B73D55E2A6E38600006FFC4 = {
						CreatedOnToolsVersion = 14.3.1;
					};
				};
			};
			buildConfigurationList = 3B73D55A2A6E38600006FFC4 /* Build configuration list for PBXProject "kiosk" */;
			compatibilityVersion = "Xcode 14.0";
			developmentRegion = en;
			hasScannedForEncodings = 0;
			knownRegions = (
				en,
				Base,
			);
			mainGroup = 3B73D5562A6E38600006FFC4;
			productRefGroup = 3B73D5602A6E38600006FFC4 /* Products */;
			projectDirPath = "";
			projectRoot = "";
			targets = (
				3B73D55E2A6E38600006FFC4 /* kiosk */,
			);
		};
/* End PBXProject section */

/* Begin PBXSourcesBuildPhase section */
		3B73D55B2A6E38600006FFC4 /* Sources */ = {
			isa = PBXSourcesBuildPhase;
			buildActionMask = 2147483647;
			files = (
				F111F6B12A72D4FE00E6DE19 /* ShoppingCardViewController.swift in Sources */,
				3B73D5632A6E38600006FFC4 /* main.swift in Sources */,
				F11FE2472A7016610051AAE9 /* OrderRepository.swift in Sources */,
				F111F6AF2A72CC5600E6DE19 /* Double+Format.swift in Sources */,
				F11FE2452A6FBB190051AAE9 /* Menu.swift in Sources */,
				F11FE2492A70202A0051AAE9 /* Date+Format.swift in Sources */,
				F11FE2432A6FBAE40051AAE9 /* MenuRepository.swift in Sources */,
				F111F69A2A71694700E6DE19 /* OrderProvider.swift in Sources */,
				F111F69C2A71695500E6DE19 /* Order.swift in Sources */,
				F111F6AD2A72CACE00E6DE19 /* SelectedMenuViewController.swift in Sources */,
				F111F6A12A71698600E6DE19 /* CLView.swift in Sources */,
				F111F69F2A71697200E6DE19 /* CLViewController.swift in Sources */,
				F111F6962A71691700E6DE19 /* MenuProvider.swift in Sources */,
				F111F68F2A71623D00E6DE19 /* InitViewController.swift in Sources */,
				F111F6982A71692D00E6DE19 /* ShopType.swift in Sources */,
				F111F6AB2A72C49D00E6DE19 /* LotteriaMenuType.swift in Sources */,
				F18B744D2A6EE30F0038D33B /* SingleLineViewController.swift in Sources */,
				F111F6A32A71699900E6DE19 /* CLNavigationController.swift in Sources */,
				F18B744B2A6EE2140038D33B /* MainMenuType.swift in Sources */,
				F18B74492A6EDE260038D33B /* CLFrame.swift in Sources */,
				F18B74472A6EDE100038D33B /* ViewType.swift in Sources */,
				F18B74432A6EC5150038D33B /* DetailMenuViewController.swift in Sources */,
				F111F6A62A7172BC00E6DE19 /* ShakeShackMenu.swift in Sources */,
				F18B74412A6EC11F0038D33B /* MainMenuViewController.swift in Sources */,
			);
			runOnlyForDeploymentPostprocessing = 0;
		};
/* End PBXSourcesBuildPhase section */

/* Begin XCBuildConfiguration section */
		3B73D5642A6E38600006FFC4 /* Debug */ = {
			isa = XCBuildConfiguration;
			buildSettings = {
				ALWAYS_SEARCH_USER_PATHS = NO;
				CLANG_ANALYZER_NONNULL = YES;
				CLANG_ANALYZER_NUMBER_OBJECT_CONVERSION = YES_AGGRESSIVE;
				CLANG_CXX_LANGUAGE_STANDARD = "gnu++20";
				CLANG_ENABLE_MODULES = YES;
				CLANG_ENABLE_OBJC_ARC = YES;
				CLANG_ENABLE_OBJC_WEAK = YES;
				CLANG_WARN_BLOCK_CAPTURE_AUTORELEASING = YES;
				CLANG_WARN_BOOL_CONVERSION = YES;
				CLANG_WARN_COMMA = YES;
				CLANG_WARN_CONSTANT_CONVERSION = YES;
				CLANG_WARN_DEPRECATED_OBJC_IMPLEMENTATIONS = YES;
				CLANG_WARN_DIRECT_OBJC_ISA_USAGE = YES_ERROR;
				CLANG_WARN_DOCUMENTATION_COMMENTS = YES;
				CLANG_WARN_EMPTY_BODY = YES;
				CLANG_WARN_ENUM_CONVERSION = YES;
				CLANG_WARN_INFINITE_RECURSION = YES;
				CLANG_WARN_INT_CONVERSION = YES;
				CLANG_WARN_NON_LITERAL_NULL_CONVERSION = YES;
				CLANG_WARN_OBJC_IMPLICIT_RETAIN_SELF = YES;
				CLANG_WARN_OBJC_LITERAL_CONVERSION = YES;
				CLANG_WARN_OBJC_ROOT_CLASS = YES_ERROR;
				CLANG_WARN_QUOTED_INCLUDE_IN_FRAMEWORK_HEADER = YES;
				CLANG_WARN_RANGE_LOOP_ANALYSIS = YES;
				CLANG_WARN_STRICT_PROTOTYPES = YES;
				CLANG_WARN_SUSPICIOUS_MOVE = YES;
				CLANG_WARN_UNGUARDED_AVAILABILITY = YES_AGGRESSIVE;
				CLANG_WARN_UNREACHABLE_CODE = YES;
				CLANG_WARN__DUPLICATE_METHOD_MATCH = YES;
				COPY_PHASE_STRIP = NO;
				DEBUG_INFORMATION_FORMAT = dwarf;
				ENABLE_STRICT_OBJC_MSGSEND = YES;
				ENABLE_TESTABILITY = YES;
				GCC_C_LANGUAGE_STANDARD = gnu11;
				GCC_DYNAMIC_NO_PIC = NO;
				GCC_NO_COMMON_BLOCKS = YES;
				GCC_OPTIMIZATION_LEVEL = 0;
				GCC_PREPROCESSOR_DEFINITIONS = (
					"DEBUG=1",
					"$(inherited)",
				);
				GCC_WARN_64_TO_32_BIT_CONVERSION = YES;
				GCC_WARN_ABOUT_RETURN_TYPE = YES_ERROR;
				GCC_WARN_UNDECLARED_SELECTOR = YES;
				GCC_WARN_UNINITIALIZED_AUTOS = YES_AGGRESSIVE;
				GCC_WARN_UNUSED_FUNCTION = YES;
				GCC_WARN_UNUSED_VARIABLE = YES;
				MACOSX_DEPLOYMENT_TARGET = 13.3;
				MTL_ENABLE_DEBUG_INFO = INCLUDE_SOURCE;
				MTL_FAST_MATH = YES;
				ONLY_ACTIVE_ARCH = YES;
				SDKROOT = macosx;
				SWIFT_ACTIVE_COMPILATION_CONDITIONS = DEBUG;
				SWIFT_OPTIMIZATION_LEVEL = "-Onone";
			};
			name = Debug;
		};
		3B73D5652A6E38600006FFC4 /* Release */ = {
			isa = XCBuildConfiguration;
			buildSettings = {
				ALWAYS_SEARCH_USER_PATHS = NO;
				CLANG_ANALYZER_NONNULL = YES;
				CLANG_ANALYZER_NUMBER_OBJECT_CONVERSION = YES_AGGRESSIVE;
				CLANG_CXX_LANGUAGE_STANDARD = "gnu++20";
				CLANG_ENABLE_MODULES = YES;
				CLANG_ENABLE_OBJC_ARC = YES;
				CLANG_ENABLE_OBJC_WEAK = YES;
				CLANG_WARN_BLOCK_CAPTURE_AUTORELEASING = YES;
				CLANG_WARN_BOOL_CONVERSION = YES;
				CLANG_WARN_COMMA = YES;
				CLANG_WARN_CONSTANT_CONVERSION = YES;
				CLANG_WARN_DEPRECATED_OBJC_IMPLEMENTATIONS = YES;
				CLANG_WARN_DIRECT_OBJC_ISA_USAGE = YES_ERROR;
				CLANG_WARN_DOCUMENTATION_COMMENTS = YES;
				CLANG_WARN_EMPTY_BODY = YES;
				CLANG_WARN_ENUM_CONVERSION = YES;
				CLANG_WARN_INFINITE_RECURSION = YES;
				CLANG_WARN_INT_CONVERSION = YES;
				CLANG_WARN_NON_LITERAL_NULL_CONVERSION = YES;
				CLANG_WARN_OBJC_IMPLICIT_RETAIN_SELF = YES;
				CLANG_WARN_OBJC_LITERAL_CONVERSION = YES;
				CLANG_WARN_OBJC_ROOT_CLASS = YES_ERROR;
				CLANG_WARN_QUOTED_INCLUDE_IN_FRAMEWORK_HEADER = YES;
				CLANG_WARN_RANGE_LOOP_ANALYSIS = YES;
				CLANG_WARN_STRICT_PROTOTYPES = YES;
				CLANG_WARN_SUSPICIOUS_MOVE = YES;
				CLANG_WARN_UNGUARDED_AVAILABILITY = YES_AGGRESSIVE;
				CLANG_WARN_UNREACHABLE_CODE = YES;
				CLANG_WARN__DUPLICATE_METHOD_MATCH = YES;
				COPY_PHASE_STRIP = NO;
				DEBUG_INFORMATION_FORMAT = "dwarf-with-dsym";
				ENABLE_NS_ASSERTIONS = NO;
				ENABLE_STRICT_OBJC_MSGSEND = YES;
				GCC_C_LANGUAGE_STANDARD = gnu11;
				GCC_NO_COMMON_BLOCKS = YES;
				GCC_WARN_64_TO_32_BIT_CONVERSION = YES;
				GCC_WARN_ABOUT_RETURN_TYPE = YES_ERROR;
				GCC_WARN_UNDECLARED_SELECTOR = YES;
				GCC_WARN_UNINITIALIZED_AUTOS = YES_AGGRESSIVE;
				GCC_WARN_UNUSED_FUNCTION = YES;
				GCC_WARN_UNUSED_VARIABLE = YES;
				MACOSX_DEPLOYMENT_TARGET = 13.3;
				MTL_ENABLE_DEBUG_INFO = NO;
				MTL_FAST_MATH = YES;
				SDKROOT = macosx;
				SWIFT_COMPILATION_MODE = wholemodule;
				SWIFT_OPTIMIZATION_LEVEL = "-O";
			};
			name = Release;
		};
		3B73D5672A6E38600006FFC4 /* Debug */ = {
			isa = XCBuildConfiguration;
			buildSettings = {
				CODE_SIGN_STYLE = Automatic;
				MACOSX_DEPLOYMENT_TARGET = 13.0;
				PRODUCT_NAME = "$(TARGET_NAME)";
				SWIFT_VERSION = 5.0;
			};
			name = Debug;
		};
		3B73D5682A6E38600006FFC4 /* Release */ = {
			isa = XCBuildConfiguration;
			buildSettings = {
				CODE_SIGN_STYLE = Automatic;
				MACOSX_DEPLOYMENT_TARGET = 13.0;
				PRODUCT_NAME = "$(TARGET_NAME)";
				SWIFT_VERSION = 5.0;
			};
			name = Release;
		};
/* End XCBuildConfiguration section */

/* Begin XCConfigurationList section */
		3B73D55A2A6E38600006FFC4 /* Build configuration list for PBXProject "kiosk" */ = {
			isa = XCConfigurationList;
			buildConfigurations = (
				3B73D5642A6E38600006FFC4 /* Debug */,
				3B73D5652A6E38600006FFC4 /* Release */,
			);
			defaultConfigurationIsVisible = 0;
			defaultConfigurationName = Release;
		};
		3B73D5662A6E38600006FFC4 /* Build configuration list for PBXNativeTarget "kiosk" */ = {
			isa = XCConfigurationList;
			buildConfigurations = (
				3B73D5672A6E38600006FFC4 /* Debug */,
				3B73D5682A6E38600006FFC4 /* Release */,
			);
			defaultConfigurationIsVisible = 0;
			defaultConfigurationName = Release;
		};
/* End XCConfigurationList section */
	};
	rootObject = 3B73D5572A6E38600006FFC4 /* Project object */;
}
